
Microsoft Visual Studio Solution File, Format Version 12.00
# Visual Studio Version 17
VisualStudioVersion = 17.11.35219.272
MinimumVisualStudioVersion = 10.0.40219.1
Project("{888888A0-9F3D-457C-B088-3A5042F75D52}") = "Ülesanne3Objektide animeerimine (Mesilane", "Ülesanne3Objektide animeerimine (Mesilane.pyproj", "{D9B4EAD5-9FE7-4C51-9335-4B1B6A79C88A}"
EndProject
Global
	GlobalSection(SolutionConfigurationPlatforms) = preSolution
		Debug|Any CPU = Debug|Any CPU
		Release|Any CPU = Release|Any CPU
	EndGlobalSection
	GlobalSection(ProjectConfigurationPlatforms) = postSolution
		{D9B4EAD5-9FE7-4C51-9335-4B1B6A79C88A}.Debug|Any CPU.ActiveCfg = Debug|Any CPU
		{D9B4EAD5-9FE7-4C51-9335-4B1B6A79C88A}.Release|Any CPU.ActiveCfg = Release|Any CPU
	EndGlobalSection
	GlobalSection(SolutionProperties) = preSolution
		HideSolutionNode = FALSE
	EndGlobalSection
	GlobalSection(ExtensibilityGlobals) = postSolution
		SolutionGuid = {1A4BFAC1-6259-444E-961D-A4CB8A46F20C}
	EndGlobalSection
EndGlobal
